
Microsoft Visual Studio Solution File, Format Version 12.00
# Visual Studio Version 17
VisualStudioVersion = 17.5.33530.505
MinimumVisualStudioVersion = 10.0.40219.1
Project("{FAE04EC0-301F-11D3-BF4B-00C04F79EFBC}") = "Atestat", "Atestat.csproj", "{B793B10F-3C2E-417D-97BE-8190038D4058}"
EndProject
Global
	GlobalSection(SolutionConfigurationPlatforms) = preSolution
		Debug|Any CPU = Debug|Any CPU
		Release|Any CPU = Release|Any CPU
	EndGlobalSection
	GlobalSection(ProjectConfigurationPlatforms) = postSolution
		{B793B10F-3C2E-417D-97BE-8190038D4058}.Debug|Any CPU.ActiveCfg = Debug|Any CPU
		{B793B10F-3C2E-417D-97BE-8190038D4058}.Debug|Any CPU.Build.0 = Debug|Any CPU
		{B793B10F-3C2E-417D-97BE-8190038D4058}.Release|Any CPU.ActiveCfg = Release|Any CPU
		{B793B10F-3C2E-417D-97BE-8190038D4058}.Release|Any CPU.Build.0 = Release|Any CPU
	EndGlobalSection
	GlobalSection(SolutionProperties) = preSolution
		HideSolutionNode = FALSE
	EndGlobalSection
	GlobalSection(ExtensibilityGlobals) = postSolution
		SolutionGuid = {5D77BDFF-19F1-4F99-9BD3-825BEDBF240C}
	EndGlobalSection
EndGlobal
